<?xml version="1.0" encoding="utf-8"?>
<Project ToolsVersion="4.0" xmlns="http://schemas.microsoft.com/developer/msbuild/2003">
  <ItemGroup>
    <Filter Include="Source Files">
      <UniqueIdentifier>{4FC737F1-C7A5-4376-A066-2A32D752A2FF}</UniqueIdentifier>
      <Extensions>cpp;c;cc;cxx;c++;cppm;ixx;def;odl;idl;hpj;bat;asm;asmx</Extensions>
    </Filter>
    <Filter Include="Header Files">
      <UniqueIdentifier>{93995380-89BD-4b04-88EB-625FBE52EBFB}</UniqueIdentifier>
      <Extensions>h;hh;hpp;hxx;h++;hm;inl;inc;ipp;xsd</Extensions>
    </Filter>
    <Filter Include="Resource Files">
      <UniqueIdentifier>{67DA6AB6-F800-4c08-8B7A-83BB121AAD01}</UniqueIdentifier>
      <Extensions>rc;ico;cur;bmp;dlg;rc2;rct;bin;rgs;gif;jpg;jpeg;jpe;resx;tiff;tif;png;wav;mfcribbon-ms</Extensions>
    </Filter>
  </ItemGroup>
  <ItemGroup>
    <ClCompile Include="main.cpp">
      <Filter>Source Files</Filter>
    </ClCompile>
    <ClCompile Include="DbUser.cpp">
      <Filter>Source Files</Filter>
    </ClCompile>
    <ClCompile Include="DbWishList.cpp">
      <Filter>Source Files</Filter>
    </ClCompile>
    <ClCompile Include="DbShow.cpp">
      <Filter>Source Files</Filter>
    </ClCompile>
    <ClCompile Include="DbWatchedList.cpp">
      <Filter>Source Files</Filter>
    </ClCompile>
    <ClCompile Include="Database.cpp">
      <Filter>Source Files</Filter>
    </ClCompile>
    <ClCompile Include="DbCategory.cpp">
      <Filter>Source Files</Filter>
    </ClCompile>
    <ClCompile Include="DbShowCategory.cpp">
      <Filter>Source Files</Filter>
    </ClCompile>
    <ClCompile Include="DbUserCategory.cpp">
      <Filter>Source Files</Filter>
    </ClCompile>
    <ClCompile Include="DbActor.cpp">
      <Filter>Source Files</Filter>
    </ClCompile>
    <ClCompile Include="DbShowActor.cpp">
      <Filter>Source Files</Filter>
    </ClCompile>
    <ClCompile Include="DbDirector.cpp">
      <Filter>Source Files</Filter>
    </ClCompile>
    <ClCompile Include="DbShowDirector.cpp">
      <Filter>Source Files</Filter>
    </ClCompile>
    <ClCompile Include="DbCountry.cpp">
      <Filter>Source Files</Filter>
    </ClCompile>
    <ClCompile Include="DbShowCountry.cpp">
      <Filter>Source Files</Filter>
    </ClCompile>
    <ClCompile Include="IRecommendationGenerator.h">
      <Filter>Header Files</Filter>
    </ClCompile>
    <ClCompile Include="ShowBasedRG.cpp">
      <Filter>Source Files</Filter>
    </ClCompile>
    <ClCompile Include="UserBasedRG.cpp">
      <Filter>Source Files</Filter>
    </ClCompile>
    <ClCompile Include="RecommendationGenerator.cpp">
      <Filter>Source Files</Filter>
    </ClCompile>
    <ClCompile Include="SearchAlgorithm.cpp">
      <Filter>Source Files</Filter>
    </ClCompile>
    <ClCompile Include="DbCategoryCluster.cpp">
      <Filter>Source Files</Filter>
    </ClCompile>
    <ClCompile Include="DbShowTokens.cpp">
      <Filter>Source Files</Filter>
    </ClCompile>
    <ClCompile Include="Show.cpp">
      <Filter>Source Files</Filter>
    </ClCompile>
    <ClCompile Include="User.cpp">
      <Filter>Source Files</Filter>
    </ClCompile>
    <ClCompile Include="MovieAppLogic.cpp">
      <Filter>Source Files</Filter>
    </ClCompile>
  </ItemGroup>
  <ItemGroup>
    <ClInclude Include="DbUser.h">
      <Filter>Header Files</Filter>
    </ClInclude>
    <ClInclude Include="DbWishList.h">
      <Filter>Header Files</Filter>
    </ClInclude>
    <ClInclude Include="DbShow.h">
      <Filter>Header Files</Filter>
    </ClInclude>
    <ClInclude Include="DbWatchedList.h">
      <Filter>Header Files</Filter>
    </ClInclude>
    <ClInclude Include="Database.h">
      <Filter>Header Files</Filter>
    </ClInclude>
    <ClInclude Include="DbCategory.h">
      <Filter>Header Files</Filter>
    </ClInclude>
    <ClInclude Include="DbShowCategory.h">
      <Filter>Header Files</Filter>
    </ClInclude>
    <ClInclude Include="DbUserCategory.h">
      <Filter>Header Files</Filter>
    </ClInclude>
    <ClInclude Include="DbActor.h">
      <Filter>Header Files</Filter>
    </ClInclude>
    <ClInclude Include="DbShowActor.h">
      <Filter>Header Files</Filter>
    </ClInclude>
    <ClInclude Include="DbDirector.h">
      <Filter>Header Files</Filter>
    </ClInclude>
    <ClInclude Include="DbShowDirector.h">
      <Filter>Header Files</Filter>
    </ClInclude>
    <ClInclude Include="DbCountry.h">
      <Filter>Header Files</Filter>
    </ClInclude>
    <ClInclude Include="DbShowCountry.h">
      <Filter>Header Files</Filter>
    </ClInclude>
    <ClInclude Include="ShowBasedRG.h">
      <Filter>Header Files</Filter>
    </ClInclude>
    <ClInclude Include="UserBasedRG.h">
      <Filter>Header Files</Filter>
    </ClInclude>
    <ClInclude Include="RecommendationGenerator.h">
      <Filter>Header Files</Filter>
    </ClInclude>
    <ClInclude Include="Cluster.h">
      <Filter>Header Files</Filter>
    </ClInclude>
    <ClInclude Include="KMeans.h">
      <Filter>Header Files</Filter>
    </ClInclude>
    <ClInclude Include="SearchAlgorithm.h">
      <Filter>Header Files</Filter>
    </ClInclude>
    <ClInclude Include="DbCategoryCluster.h">
      <Filter>Header Files</Filter>
    </ClInclude>
    <ClInclude Include="DbShowTokens.h">
      <Filter>Header Files</Filter>
    </ClInclude>
    <ClInclude Include="Show.h">
      <Filter>Header Files</Filter>
    </ClInclude>
    <ClInclude Include="User.h">
      <Filter>Header Files</Filter>
    </ClInclude>
    <ClInclude Include="MovieAppLogic.h">
      <Filter>Header Files</Filter>
    </ClInclude>
  </ItemGroup>
  <ItemGroup>
    <None Include="Resources\netflix_titles.csv">
      <Filter>Resource Files</Filter>
    </None>
    <None Include="Resources\MovieApp.db">
      <Filter>Resource Files</Filter>
    </None>
  </ItemGroup>
</Project>